{
    "version": 3,
    "terraform_version": "0.11.10",
    "serial": 35,
    "lineage": "ae9dabc1-e0a9-9f55-5cd9-052897f45ab8",
    "modules": [
        {
            "path": [
                "root"
            ],
            "outputs": {},
            "resources": {
                "azurerm_local_network_gateway.home": {
                    "type": "azurerm_local_network_gateway",
                    "depends_on": [
                        "azurerm_resource_group.test"
                    ],
                    "primary": {
                        "id": "/subscriptions/fc376caa-a6f7-4167-b7ee-fc479927af60/resourceGroups/euw-mes-sc-jmmarentes-pocs/providers/Microsoft.Network/localNetworkGateways/backHome",
                        "attributes": {
                            "address_space.#": "1",
                            "address_space.0": "10.0.0.0/16",
                            "bgp_settings.#": "0",
                            "gateway_address": "12.13.14.15",
                            "id": "/subscriptions/fc376caa-a6f7-4167-b7ee-fc479927af60/resourceGroups/euw-mes-sc-jmmarentes-pocs/providers/Microsoft.Network/localNetworkGateways/backHome",
                            "location": "westus",
                            "name": "backHome",
                            "resource_group_name": "euw-mes-sc-jmmarentes-pocs",
                            "tags.%": "0"
                        },
                        "meta": {},
                        "tainted": false
                    },
                    "deposed": [],
                    "provider": "provider.azurerm"
                },
                "azurerm_network_interface.nic1": {
                    "type": "azurerm_network_interface",
                    "depends_on": [
                        "azurerm_resource_group.test",
                        "azurerm_subnet.test1"
                    ],
                    "primary": {
                        "id": "/subscriptions/fc376caa-a6f7-4167-b7ee-fc479927af60/resourceGroups/euw-mes-sc-jmmarentes-pocs/providers/Microsoft.Network/networkInterfaces/Mia-nic1",
                        "attributes": {
                            "applied_dns_servers.#": "0",
                            "dns_servers.#": "0",
                            "enable_accelerated_networking": "false",
                            "enable_ip_forwarding": "false",
                            "id": "/subscriptions/fc376caa-a6f7-4167-b7ee-fc479927af60/resourceGroups/euw-mes-sc-jmmarentes-pocs/providers/Microsoft.Network/networkInterfaces/Mia-nic1",
                            "internal_dns_name_label": "",
                            "internal_fqdn": "",
                            "ip_configuration.#": "1",
                            "ip_configuration.0.application_gateway_backend_address_pools_ids.#": "0",
                            "ip_configuration.0.application_security_group_ids.#": "0",
                            "ip_configuration.0.load_balancer_backend_address_pools_ids.#": "0",
                            "ip_configuration.0.load_balancer_inbound_nat_rules_ids.#": "0",
                            "ip_configuration.0.name": "testconfiguration1",
                            "ip_configuration.0.primary": "true",
                            "ip_configuration.0.private_ip_address": "",
                            "ip_configuration.0.private_ip_address_allocation": "dynamic",
                            "ip_configuration.0.public_ip_address_id": "",
                            "ip_configuration.0.subnet_id": "/subscriptions/fc376caa-a6f7-4167-b7ee-fc479927af60/resourceGroups/euw-mes-sc-jmmarentes-pocs/providers/Microsoft.Network/virtualNetworks/virtualNetwork01/subnets/subnet1",
                            "location": "westus",
                            "mac_address": "",
                            "name": "Mia-nic1",
                            "network_security_group_id": "",
                            "private_ip_address": "10.190.1.4",
                            "private_ip_addresses.#": "1",
                            "private_ip_addresses.0": "10.190.1.4",
                            "resource_group_name": "euw-mes-sc-jmmarentes-pocs",
                            "tags.%": "0"
                        },
                        "meta": {},
                        "tainted": false
                    },
                    "deposed": [],
                    "provider": "provider.azurerm"
                },
                "azurerm_network_interface.nic2": {
                    "type": "azurerm_network_interface",
                    "depends_on": [
                        "azurerm_resource_group.test",
                        "azurerm_subnet.test2"
                    ],
                    "primary": {
                        "id": "/subscriptions/fc376caa-a6f7-4167-b7ee-fc479927af60/resourceGroups/euw-mes-sc-jmmarentes-pocs/providers/Microsoft.Network/networkInterfaces/Mia-nic2",
                        "attributes": {
                            "applied_dns_servers.#": "0",
                            "dns_servers.#": "0",
                            "enable_accelerated_networking": "false",
                            "enable_ip_forwarding": "false",
                            "id": "/subscriptions/fc376caa-a6f7-4167-b7ee-fc479927af60/resourceGroups/euw-mes-sc-jmmarentes-pocs/providers/Microsoft.Network/networkInterfaces/Mia-nic2",
                            "internal_dns_name_label": "",
                            "internal_fqdn": "",
                            "ip_configuration.#": "1",
                            "ip_configuration.0.application_gateway_backend_address_pools_ids.#": "0",
                            "ip_configuration.0.application_security_group_ids.#": "0",
                            "ip_configuration.0.load_balancer_backend_address_pools_ids.#": "0",
                            "ip_configuration.0.load_balancer_inbound_nat_rules_ids.#": "0",
                            "ip_configuration.0.name": "testconfiguration2",
                            "ip_configuration.0.primary": "true",
                            "ip_configuration.0.private_ip_address": "",
                            "ip_configuration.0.private_ip_address_allocation": "dynamic",
                            "ip_configuration.0.public_ip_address_id": "",
                            "ip_configuration.0.subnet_id": "/subscriptions/fc376caa-a6f7-4167-b7ee-fc479927af60/resourceGroups/euw-mes-sc-jmmarentes-pocs/providers/Microsoft.Network/virtualNetworks/virtualNetwork01/subnets/subnet2",
                            "location": "westus",
                            "mac_address": "",
                            "name": "Mia-nic2",
                            "network_security_group_id": "",
                            "private_ip_address": "10.190.2.4",
                            "private_ip_addresses.#": "1",
                            "private_ip_addresses.0": "10.190.2.4",
                            "resource_group_name": "euw-mes-sc-jmmarentes-pocs",
                            "tags.%": "0"
                        },
                        "meta": {},
                        "tainted": false
                    },
                    "deposed": [],
                    "provider": "provider.azurerm"
                },
                "azurerm_network_security_group.test": {
                    "type": "azurerm_network_security_group",
                    "depends_on": [
                        "azurerm_resource_group.test"
                    ],
                    "primary": {
                        "id": "/subscriptions/fc376caa-a6f7-4167-b7ee-fc479927af60/resourceGroups/euw-mes-sc-jmmarentes-pocs/providers/Microsoft.Network/networkSecurityGroups/SG01",
                        "attributes": {
                            "id": "/subscriptions/fc376caa-a6f7-4167-b7ee-fc479927af60/resourceGroups/euw-mes-sc-jmmarentes-pocs/providers/Microsoft.Network/networkSecurityGroups/SG01",
                            "location": "westus",
                            "name": "SG01",
                            "resource_group_name": "euw-mes-sc-jmmarentes-pocs",
                            "security_rule.#": "0",
                            "tags.%": "0"
                        },
                        "meta": {},
                        "tainted": false
                    },
                    "deposed": [],
                    "provider": "provider.azurerm"
                },
                "azurerm_public_ip.test3": {
                    "type": "azurerm_public_ip",
                    "depends_on": [
                        "azurerm_resource_group.test"
                    ],
                    "primary": {
                        "id": "/subscriptions/fc376caa-a6f7-4167-b7ee-fc479927af60/resourceGroups/euw-mes-sc-jmmarentes-pocs/providers/Microsoft.Network/publicIPAddresses/ip_publica",
                        "attributes": {
                            "id": "/subscriptions/fc376caa-a6f7-4167-b7ee-fc479927af60/resourceGroups/euw-mes-sc-jmmarentes-pocs/providers/Microsoft.Network/publicIPAddresses/ip_publica",
                            "idle_timeout_in_minutes": "4",
                            "ip_address": "",
                            "ip_version": "IPv4",
                            "location": "westus",
                            "name": "ip_publica",
                            "public_ip_address_allocation": "Dynamic",
                            "resource_group_name": "euw-mes-sc-jmmarentes-pocs",
                            "sku": "Basic",
                            "tags.%": "0",
                            "zones.#": "0"
                        },
                        "meta": {},
                        "tainted": false
                    },
                    "deposed": [],
                    "provider": "provider.azurerm"
                },
                "azurerm_resource_group.test": {
                    "type": "azurerm_resource_group",
                    "depends_on": [],
                    "primary": {
                        "id": "/subscriptions/fc376caa-a6f7-4167-b7ee-fc479927af60/resourceGroups/euw-mes-sc-jmmarentes-pocs",
                        "attributes": {
                            "id": "/subscriptions/fc376caa-a6f7-4167-b7ee-fc479927af60/resourceGroups/euw-mes-sc-jmmarentes-pocs",
                            "location": "westus",
                            "name": "euw-mes-sc-jmmarentes-pocs",
                            "tags.%": "0"
                        },
                        "meta": {},
                        "tainted": false
                    },
                    "deposed": [],
                    "provider": "provider.azurerm"
                },
                "azurerm_subnet.test1": {
                    "type": "azurerm_subnet",
                    "depends_on": [
                        "azurerm_resource_group.test",
                        "azurerm_virtual_network.test"
                    ],
                    "primary": {
                        "id": "/subscriptions/fc376caa-a6f7-4167-b7ee-fc479927af60/resourceGroups/euw-mes-sc-jmmarentes-pocs/providers/Microsoft.Network/virtualNetworks/virtualNetwork01/subnets/subnet1",
                        "attributes": {
                            "address_prefix": "10.190.1.0/24",
                            "id": "/subscriptions/fc376caa-a6f7-4167-b7ee-fc479927af60/resourceGroups/euw-mes-sc-jmmarentes-pocs/providers/Microsoft.Network/virtualNetworks/virtualNetwork01/subnets/subnet1",
                            "ip_configurations.#": "0",
                            "name": "subnet1",
                            "resource_group_name": "euw-mes-sc-jmmarentes-pocs",
                            "route_table_id": "",
                            "service_endpoints.#": "0",
                            "virtual_network_name": "virtualNetwork01"
                        },
                        "meta": {},
                        "tainted": false
                    },
                    "deposed": [],
                    "provider": "provider.azurerm"
                },
                "azurerm_subnet.test2": {
                    "type": "azurerm_subnet",
                    "depends_on": [
                        "azurerm_resource_group.test",
                        "azurerm_virtual_network.test"
                    ],
                    "primary": {
                        "id": "/subscriptions/fc376caa-a6f7-4167-b7ee-fc479927af60/resourceGroups/euw-mes-sc-jmmarentes-pocs/providers/Microsoft.Network/virtualNetworks/virtualNetwork01/subnets/subnet2",
                        "attributes": {
                            "address_prefix": "10.190.2.0/24",
                            "id": "/subscriptions/fc376caa-a6f7-4167-b7ee-fc479927af60/resourceGroups/euw-mes-sc-jmmarentes-pocs/providers/Microsoft.Network/virtualNetworks/virtualNetwork01/subnets/subnet2",
                            "ip_configurations.#": "0",
                            "name": "subnet2",
                            "resource_group_name": "euw-mes-sc-jmmarentes-pocs",
                            "route_table_id": "",
                            "service_endpoints.#": "0",
                            "virtual_network_name": "virtualNetwork01"
                        },
                        "meta": {},
                        "tainted": false
                    },
                    "deposed": [],
                    "provider": "provider.azurerm"
                },
                "azurerm_subnet.test3": {
                    "type": "azurerm_subnet",
                    "depends_on": [
                        "azurerm_resource_group.test",
                        "azurerm_virtual_network.test"
                    ],
                    "primary": {
                        "id": "/subscriptions/fc376caa-a6f7-4167-b7ee-fc479927af60/resourceGroups/euw-mes-sc-jmmarentes-pocs/providers/Microsoft.Network/virtualNetworks/virtualNetwork01/subnets/GatewaySubnet",
                        "attributes": {
                            "address_prefix": "10.190.3.0/24",
                            "id": "/subscriptions/fc376caa-a6f7-4167-b7ee-fc479927af60/resourceGroups/euw-mes-sc-jmmarentes-pocs/providers/Microsoft.Network/virtualNetworks/virtualNetwork01/subnets/GatewaySubnet",
                            "ip_configurations.#": "0",
                            "name": "GatewaySubnet",
                            "resource_group_name": "euw-mes-sc-jmmarentes-pocs",
                            "route_table_id": "",
                            "service_endpoints.#": "0",
                            "virtual_network_name": "virtualNetwork01"
                        },
                        "meta": {},
                        "tainted": false
                    },
                    "deposed": [],
                    "provider": "provider.azurerm"
                },
                "azurerm_virtual_machine.1": {
                    "type": "azurerm_virtual_machine",
                    "depends_on": [
                        "azurerm_network_interface.nic1",
                        "azurerm_resource_group.test"
                    ],
                    "primary": {
                        "id": "/subscriptions/fc376caa-a6f7-4167-b7ee-fc479927af60/resourceGroups/euw-mes-sc-jmmarentes-pocs/providers/Microsoft.Compute/virtualMachines/Mia-vm",
                        "attributes": {
                            "delete_data_disks_on_termination": "false",
                            "delete_os_disk_on_termination": "false",
                            "id": "/subscriptions/fc376caa-a6f7-4167-b7ee-fc479927af60/resourceGroups/euw-mes-sc-jmmarentes-pocs/providers/Microsoft.Compute/virtualMachines/Mia-vm",
                            "identity.#": "0",
                            "location": "westus",
                            "name": "Mia-vm",
                            "network_interface_ids.#": "1",
                            "network_interface_ids.0": "/subscriptions/fc376caa-a6f7-4167-b7ee-fc479927af60/resourceGroups/euw-mes-sc-jmmarentes-pocs/providers/Microsoft.Network/networkInterfaces/Mia-nic1",
                            "os_profile.#": "1",
                            "os_profile.1173764063.admin_password": "",
                            "os_profile.1173764063.admin_username": "testadmin",
                            "os_profile.1173764063.computer_name": "hostname",
                            "os_profile.1173764063.custom_data": "",
                            "os_profile_linux_config.#": "1",
                            "os_profile_linux_config.2972667452.disable_password_authentication": "false",
                            "os_profile_linux_config.2972667452.ssh_keys.#": "0",
                            "os_profile_secrets.#": "0",
                            "resource_group_name": "euw-mes-sc-jmmarentes-pocs",
                            "storage_data_disk.#": "0",
                            "storage_image_reference.#": "1",
                            "storage_image_reference.1458860473.id": "",
                            "storage_image_reference.1458860473.offer": "UbuntuServer",
                            "storage_image_reference.1458860473.publisher": "Canonical",
                            "storage_image_reference.1458860473.sku": "16.04-LTS",
                            "storage_image_reference.1458860473.version": "latest",
                            "storage_os_disk.#": "1",
                            "storage_os_disk.0.caching": "ReadWrite",
                            "storage_os_disk.0.create_option": "FromImage",
                            "storage_os_disk.0.disk_size_gb": "30",
                            "storage_os_disk.0.image_uri": "",
                            "storage_os_disk.0.managed_disk_id": "/subscriptions/fc376caa-a6f7-4167-b7ee-fc479927af60/resourceGroups/euw-mes-sc-jmmarentes-pocs/providers/Microsoft.Compute/disks/myosdisk1_machine1",
                            "storage_os_disk.0.managed_disk_type": "Standard_LRS",
                            "storage_os_disk.0.name": "myosdisk1_machine1",
                            "storage_os_disk.0.os_type": "Linux",
                            "storage_os_disk.0.vhd_uri": "",
                            "storage_os_disk.0.write_accelerator_enabled": "false",
                            "tags.%": "1",
                            "tags.environment": "staging",
                            "vm_size": "Standard_DS1_v2",
                            "zones.#": "0"
                        },
                        "meta": {},
                        "tainted": false
                    },
                    "deposed": [],
                    "provider": "provider.azurerm"
                },
                "azurerm_virtual_machine.2": {
                    "type": "azurerm_virtual_machine",
                    "depends_on": [
                        "azurerm_network_interface.nic2",
                        "azurerm_resource_group.test"
                    ],
                    "primary": {
                        "id": "/subscriptions/fc376caa-a6f7-4167-b7ee-fc479927af60/resourceGroups/euw-mes-sc-jmmarentes-pocs/providers/Microsoft.Compute/virtualMachines/Mia-vm1",
                        "attributes": {
                            "delete_data_disks_on_termination": "false",
                            "delete_os_disk_on_termination": "false",
                            "id": "/subscriptions/fc376caa-a6f7-4167-b7ee-fc479927af60/resourceGroups/euw-mes-sc-jmmarentes-pocs/providers/Microsoft.Compute/virtualMachines/Mia-vm1",
                            "identity.#": "0",
                            "location": "westus",
                            "name": "Mia-vm1",
                            "network_interface_ids.#": "1",
                            "network_interface_ids.0": "/subscriptions/fc376caa-a6f7-4167-b7ee-fc479927af60/resourceGroups/euw-mes-sc-jmmarentes-pocs/providers/Microsoft.Network/networkInterfaces/Mia-nic2",
                            "os_profile.#": "1",
                            "os_profile.1173764063.admin_password": "",
                            "os_profile.1173764063.admin_username": "testadmin",
                            "os_profile.1173764063.computer_name": "hostname",
                            "os_profile.1173764063.custom_data": "",
                            "os_profile_linux_config.#": "1",
                            "os_profile_linux_config.2972667452.disable_password_authentication": "false",
                            "os_profile_linux_config.2972667452.ssh_keys.#": "0",
                            "os_profile_secrets.#": "0",
                            "resource_group_name": "euw-mes-sc-jmmarentes-pocs",
                            "storage_data_disk.#": "0",
                            "storage_image_reference.#": "1",
                            "storage_image_reference.1458860473.id": "",
                            "storage_image_reference.1458860473.offer": "UbuntuServer",
                            "storage_image_reference.1458860473.publisher": "Canonical",
                            "storage_image_reference.1458860473.sku": "16.04-LTS",
                            "storage_image_reference.1458860473.version": "latest",
                            "storage_os_disk.#": "1",
                            "storage_os_disk.0.caching": "ReadWrite",
                            "storage_os_disk.0.create_option": "FromImage",
                            "storage_os_disk.0.disk_size_gb": "30",
                            "storage_os_disk.0.image_uri": "",
                            "storage_os_disk.0.managed_disk_id": "/subscriptions/fc376caa-a6f7-4167-b7ee-fc479927af60/resourceGroups/euw-mes-sc-jmmarentes-pocs/providers/Microsoft.Compute/disks/myosdisk1_machine2",
                            "storage_os_disk.0.managed_disk_type": "Standard_LRS",
                            "storage_os_disk.0.name": "myosdisk1_machine2",
                            "storage_os_disk.0.os_type": "Linux",
                            "storage_os_disk.0.vhd_uri": "",
                            "storage_os_disk.0.write_accelerator_enabled": "false",
                            "tags.%": "1",
                            "tags.environment": "staging",
                            "vm_size": "Standard_DS1_v2",
                            "zones.#": "0"
                        },
                        "meta": {},
                        "tainted": false
                    },
                    "deposed": [],
                    "provider": "provider.azurerm"
                },
                "azurerm_virtual_network.test": {
                    "type": "azurerm_virtual_network",
                    "depends_on": [
                        "azurerm_resource_group.test"
                    ],
                    "primary": {
                        "id": "/subscriptions/fc376caa-a6f7-4167-b7ee-fc479927af60/resourceGroups/euw-mes-sc-jmmarentes-pocs/providers/Microsoft.Network/virtualNetworks/virtualNetwork01",
                        "attributes": {
                            "address_space.#": "1",
                            "address_space.0": "10.190.0.0/16",
                            "dns_servers.#": "2",
                            "dns_servers.0": "10.100.80.111",
                            "dns_servers.1": "10.100.80.112",
                            "id": "/subscriptions/fc376caa-a6f7-4167-b7ee-fc479927af60/resourceGroups/euw-mes-sc-jmmarentes-pocs/providers/Microsoft.Network/virtualNetworks/virtualNetwork01",
                            "location": "westus",
                            "name": "virtualNetwork01",
                            "resource_group_name": "euw-mes-sc-jmmarentes-pocs",
                            "subnet.#": "0",
                            "tags.%": "0"
                        },
                        "meta": {},
                        "tainted": false
                    },
                    "deposed": [],
                    "provider": "provider.azurerm"
                },
                "azurerm_virtual_network_gateway.test3": {
                    "type": "azurerm_virtual_network_gateway",
                    "depends_on": [
                        "azurerm_public_ip.test3",
                        "azurerm_resource_group.test",
                        "azurerm_subnet.test3"
                    ],
                    "primary": {
                        "id": "/subscriptions/fc376caa-a6f7-4167-b7ee-fc479927af60/resourceGroups/euw-mes-sc-jmmarentes-pocs/providers/Microsoft.Network/virtualNetworkGateways/test",
                        "attributes": {
                            "active_active": "false",
                            "bgp_settings.#": "1",
                            "bgp_settings.0.asn": "65515",
                            "bgp_settings.0.peer_weight": "0",
                            "bgp_settings.0.peering_address": "10.190.3.254",
                            "enable_bgp": "false",
                            "id": "/subscriptions/fc376caa-a6f7-4167-b7ee-fc479927af60/resourceGroups/euw-mes-sc-jmmarentes-pocs/providers/Microsoft.Network/virtualNetworkGateways/test",
                            "ip_configuration.#": "1",
                            "ip_configuration.0.name": "vnetGatewayConfig",
                            "ip_configuration.0.private_ip_address_allocation": "Dynamic",
                            "ip_configuration.0.public_ip_address_id": "/subscriptions/fc376caa-a6f7-4167-b7ee-fc479927af60/resourceGroups/euw-mes-sc-jmmarentes-pocs/providers/Microsoft.Network/publicIPAddresses/ip_publica",
                            "ip_configuration.0.subnet_id": "/subscriptions/fc376caa-a6f7-4167-b7ee-fc479927af60/resourceGroups/euw-mes-sc-jmmarentes-pocs/providers/Microsoft.Network/virtualNetworks/virtualNetwork01/subnets/GatewaySubnet",
                            "location": "westus",
                            "name": "test",
                            "resource_group_name": "euw-mes-sc-jmmarentes-pocs",
                            "sku": "Basic",
                            "tags.%": "0",
                            "type": "Vpn",
                            "vpn_client_configuration.#": "1",
                            "vpn_client_configuration.0.address_space.#": "1",
                            "vpn_client_configuration.0.address_space.0": "10.100.200.0/24",
                            "vpn_client_configuration.0.radius_server_address": "",
                            "vpn_client_configuration.0.radius_server_secret": "",
                            "vpn_client_configuration.0.revoked_certificate.#": "0",
                            "vpn_client_configuration.0.root_certificate.#": "0",
                            "vpn_client_configuration.0.vpn_client_protocols.#": "1",
                            "vpn_client_configuration.0.vpn_client_protocols.2936918": "SSTP",
                            "vpn_type": "RouteBased"
                        },
                        "meta": {},
                        "tainted": false
                    },
                    "deposed": [],
                    "provider": "provider.azurerm"
                }
            },
            "depends_on": []
        }
    ]
}
