{
    "version": 3,
    "terraform_version": "0.11.10",
    "serial": 35,
    "lineage": "ae9dabc1-e0a9-9f55-5cd9-052897f45ab8",
    "modules": [
        {
            "path": [
                "root"
            ],
            "outputs": {},
            "resources": {
                "azurerm_public_ip.test3": {
                    "type": "azurerm_public_ip",
                    "depends_on": [
                        "azurerm_resource_group.test"
                    ],
                    "primary": {
                        "id": "/subscriptions/fc376caa-a6f7-4167-b7ee-fc479927af60/resourceGroups/euw-mes-sc-jmmarentes-pocs/providers/Microsoft.Network/publicIPAddresses/ip_publica",
                        "attributes": {
                            "id": "/subscriptions/fc376caa-a6f7-4167-b7ee-fc479927af60/resourceGroups/euw-mes-sc-jmmarentes-pocs/providers/Microsoft.Network/publicIPAddresses/ip_publica",
                            "idle_timeout_in_minutes": "4",
                            "ip_address": "40.112.128.145",
                            "ip_version": "IPv4",
                            "location": "westus",
                            "name": "ip_publica",
                            "public_ip_address_allocation": "Dynamic",
                            "resource_group_name": "euw-mes-sc-jmmarentes-pocs",
                            "sku": "Basic",
                            "tags.%": "0",
                            "zones.#": "0"
                        },
                        "meta": {},
                        "tainted": false
                    },
                    "deposed": [],
                    "provider": "provider.azurerm"
                },
                "azurerm_resource_group.test": {
                    "type": "azurerm_resource_group",
                    "depends_on": [],
                    "primary": {
                        "id": "/subscriptions/fc376caa-a6f7-4167-b7ee-fc479927af60/resourceGroups/euw-mes-sc-jmmarentes-pocs",
                        "attributes": {
                            "id": "/subscriptions/fc376caa-a6f7-4167-b7ee-fc479927af60/resourceGroups/euw-mes-sc-jmmarentes-pocs",
                            "location": "westus",
                            "name": "euw-mes-sc-jmmarentes-pocs",
                            "tags.%": "0"
                        },
                        "meta": {},
                        "tainted": false
                    },
                    "deposed": [],
                    "provider": "provider.azurerm"
                },
                "azurerm_subnet.test3": {
                    "type": "azurerm_subnet",
                    "depends_on": [
                        "azurerm_resource_group.test",
                        "azurerm_virtual_network.test"
                    ],
                    "primary": {
                        "id": "/subscriptions/fc376caa-a6f7-4167-b7ee-fc479927af60/resourceGroups/euw-mes-sc-jmmarentes-pocs/providers/Microsoft.Network/virtualNetworks/virtualNetwork01/subnets/GatewaySubnet",
                        "attributes": {
                            "address_prefix": "10.190.3.0/24",
                            "id": "/subscriptions/fc376caa-a6f7-4167-b7ee-fc479927af60/resourceGroups/euw-mes-sc-jmmarentes-pocs/providers/Microsoft.Network/virtualNetworks/virtualNetwork01/subnets/GatewaySubnet",
                            "ip_configurations.#": "1",
                            "ip_configurations.4285209544": "/subscriptions/fc376caa-a6f7-4167-b7ee-fc479927af60/resourceGroups/euw-mes-sc-jmmarentes-pocs/providers/Microsoft.Network/virtualNetworkGateways/test/ipConfigurations/vnetGatewayConfig",
                            "name": "GatewaySubnet",
                            "resource_group_name": "euw-mes-sc-jmmarentes-pocs",
                            "route_table_id": "",
                            "service_endpoints.#": "0",
                            "virtual_network_name": "virtualNetwork01"
                        },
                        "meta": {},
                        "tainted": false
                    },
                    "deposed": [],
                    "provider": "provider.azurerm"
                },
                "azurerm_virtual_network.test": {
                    "type": "azurerm_virtual_network",
                    "depends_on": [
                        "azurerm_resource_group.test"
                    ],
                    "primary": {
                        "id": "/subscriptions/fc376caa-a6f7-4167-b7ee-fc479927af60/resourceGroups/euw-mes-sc-jmmarentes-pocs/providers/Microsoft.Network/virtualNetworks/virtualNetwork01",
                        "attributes": {
                            "address_space.#": "1",
                            "address_space.0": "10.190.0.0/16",
                            "dns_servers.#": "2",
                            "dns_servers.0": "10.100.80.111",
                            "dns_servers.1": "10.100.80.112",
                            "id": "/subscriptions/fc376caa-a6f7-4167-b7ee-fc479927af60/resourceGroups/euw-mes-sc-jmmarentes-pocs/providers/Microsoft.Network/virtualNetworks/virtualNetwork01",
                            "location": "westus",
                            "name": "virtualNetwork01",
                            "resource_group_name": "euw-mes-sc-jmmarentes-pocs",
                            "subnet.#": "1",
                            "subnet.279416389.address_prefix": "10.190.3.0/24",
                            "subnet.279416389.id": "/subscriptions/fc376caa-a6f7-4167-b7ee-fc479927af60/resourceGroups/euw-mes-sc-jmmarentes-pocs/providers/Microsoft.Network/virtualNetworks/virtualNetwork01/subnets/GatewaySubnet",
                            "subnet.279416389.name": "GatewaySubnet",
                            "subnet.279416389.security_group": "",
                            "tags.%": "0"
                        },
                        "meta": {},
                        "tainted": false
                    },
                    "deposed": [],
                    "provider": "provider.azurerm"
                }
            },
            "depends_on": []
        }
    ]
}
