{
    "version": 3,
    "terraform_version": "0.11.7",
    "serial": 21,
    "lineage": "ae9dabc1-e0a9-9f55-5cd9-052897f45ab8",
    "modules": [
        {
            "path": [
                "root"
            ],
            "outputs": {},
            "resources": {
                "azurerm_network_interface.main": {
                    "type": "azurerm_network_interface",
                    "depends_on": [
                        "azurerm_resource_group.test",
                        "azurerm_subnet.test1"
                    ],
                    "primary": {
                        "id": "/subscriptions/fc376caa-a6f7-4167-b7ee-fc479927af60/resourceGroups/ResourceGroup1/providers/Microsoft.Network/networkInterfaces/Mediaset-nic",
                        "attributes": {
                            "applied_dns_servers.#": "0",
                            "dns_servers.#": "0",
                            "enable_accelerated_networking": "false",
                            "enable_ip_forwarding": "false",
                            "id": "/subscriptions/fc376caa-a6f7-4167-b7ee-fc479927af60/resourceGroups/ResourceGroup1/providers/Microsoft.Network/networkInterfaces/Mediaset-nic",
                            "internal_dns_name_label": "",
                            "internal_fqdn": "",
                            "ip_configuration.#": "1",
                            "ip_configuration.0.application_gateway_backend_address_pools_ids.#": "0",
                            "ip_configuration.0.application_security_group_ids.#": "0",
                            "ip_configuration.0.load_balancer_backend_address_pools_ids.#": "0",
                            "ip_configuration.0.load_balancer_inbound_nat_rules_ids.#": "0",
                            "ip_configuration.0.name": "testconfiguration1",
                            "ip_configuration.0.primary": "true",
                            "ip_configuration.0.private_ip_address": "",
                            "ip_configuration.0.private_ip_address_allocation": "dynamic",
                            "ip_configuration.0.public_ip_address_id": "",
                            "ip_configuration.0.subnet_id": "/subscriptions/fc376caa-a6f7-4167-b7ee-fc479927af60/resourceGroups/ResourceGroup1/providers/Microsoft.Network/virtualNetworks/virtualNetwork01/subnets/subnet1",
                            "location": "westus",
                            "mac_address": "00-0D-3A-36-0A-1D",
                            "name": "Mediaset-nic",
                            "network_security_group_id": "",
                            "private_ip_address": "10.0.1.8",
                            "private_ip_addresses.#": "1",
                            "private_ip_addresses.0": "10.0.1.8",
                            "resource_group_name": "ResourceGroup1",
                            "tags.%": "0",
                            "virtual_machine_id": "/subscriptions/fc376caa-a6f7-4167-b7ee-fc479927af60/resourceGroups/ResourceGroup1/providers/Microsoft.Compute/virtualMachines/Mediaset-vm"
                        },
                        "meta": {},
                        "tainted": false
                    },
                    "deposed": [],
                    "provider": "provider.azurerm"
                },
                "azurerm_network_interface.nic1": {
                    "type": "azurerm_network_interface",
                    "depends_on": [
                        "azurerm_resource_group.test",
                        "azurerm_subnet.test1"
                    ],
                    "primary": {
                        "id": "/subscriptions/fc376caa-a6f7-4167-b7ee-fc479927af60/resourceGroups/ResourceGroup1/providers/Microsoft.Network/networkInterfaces/Mediaset-nic1",
                        "attributes": {
                            "applied_dns_servers.#": "0",
                            "dns_servers.#": "0",
                            "enable_accelerated_networking": "false",
                            "enable_ip_forwarding": "false",
                            "id": "/subscriptions/fc376caa-a6f7-4167-b7ee-fc479927af60/resourceGroups/ResourceGroup1/providers/Microsoft.Network/networkInterfaces/Mediaset-nic1",
                            "internal_dns_name_label": "",
                            "internal_fqdn": "",
                            "ip_configuration.#": "1",
                            "ip_configuration.0.application_gateway_backend_address_pools_ids.#": "0",
                            "ip_configuration.0.application_security_group_ids.#": "0",
                            "ip_configuration.0.load_balancer_backend_address_pools_ids.#": "0",
                            "ip_configuration.0.load_balancer_inbound_nat_rules_ids.#": "0",
                            "ip_configuration.0.name": "testconfiguration1",
                            "ip_configuration.0.primary": "true",
                            "ip_configuration.0.private_ip_address": "",
                            "ip_configuration.0.private_ip_address_allocation": "dynamic",
                            "ip_configuration.0.public_ip_address_id": "",
                            "ip_configuration.0.subnet_id": "/subscriptions/fc376caa-a6f7-4167-b7ee-fc479927af60/resourceGroups/ResourceGroup1/providers/Microsoft.Network/virtualNetworks/virtualNetwork01/subnets/subnet1",
                            "location": "westus",
                            "mac_address": "",
                            "name": "Mediaset-nic1",
                            "network_security_group_id": "",
                            "private_ip_address": "10.0.1.5",
                            "private_ip_addresses.#": "1",
                            "private_ip_addresses.0": "10.0.1.5",
                            "resource_group_name": "ResourceGroup1",
                            "tags.%": "0"
                        },
                        "meta": {},
                        "tainted": false
                    },
                    "deposed": [],
                    "provider": "provider.azurerm"
                },
                "azurerm_network_interface.nic2": {
                    "type": "azurerm_network_interface",
                    "depends_on": [
                        "azurerm_resource_group.test",
                        "azurerm_subnet.test2"
                    ],
                    "primary": {
                        "id": "/subscriptions/fc376caa-a6f7-4167-b7ee-fc479927af60/resourceGroups/ResourceGroup1/providers/Microsoft.Network/networkInterfaces/Mediaset-nic2",
                        "attributes": {
                            "applied_dns_servers.#": "0",
                            "dns_servers.#": "0",
                            "enable_accelerated_networking": "false",
                            "enable_ip_forwarding": "false",
                            "id": "/subscriptions/fc376caa-a6f7-4167-b7ee-fc479927af60/resourceGroups/ResourceGroup1/providers/Microsoft.Network/networkInterfaces/Mediaset-nic2",
                            "internal_dns_name_label": "",
                            "internal_fqdn": "",
                            "ip_configuration.#": "1",
                            "ip_configuration.0.application_gateway_backend_address_pools_ids.#": "0",
                            "ip_configuration.0.application_security_group_ids.#": "0",
                            "ip_configuration.0.load_balancer_backend_address_pools_ids.#": "0",
                            "ip_configuration.0.load_balancer_inbound_nat_rules_ids.#": "0",
                            "ip_configuration.0.name": "testconfiguration2",
                            "ip_configuration.0.primary": "true",
                            "ip_configuration.0.private_ip_address": "",
                            "ip_configuration.0.private_ip_address_allocation": "dynamic",
                            "ip_configuration.0.public_ip_address_id": "",
                            "ip_configuration.0.subnet_id": "/subscriptions/fc376caa-a6f7-4167-b7ee-fc479927af60/resourceGroups/ResourceGroup1/providers/Microsoft.Network/virtualNetworks/virtualNetwork01/subnets/subnet2",
                            "location": "westus",
                            "mac_address": "",
                            "name": "Mediaset-nic2",
                            "network_security_group_id": "",
                            "private_ip_address": "10.0.1.4",
                            "private_ip_addresses.#": "1",
                            "private_ip_addresses.0": "10.0.1.4",
                            "resource_group_name": "ResourceGroup1",
                            "tags.%": "0"
                        },
                        "meta": {},
                        "tainted": false
                    },
                    "deposed": [],
                    "provider": "provider.azurerm"
                },
                "azurerm_network_security_group.test": {
                    "type": "azurerm_network_security_group",
                    "depends_on": [
                        "azurerm_resource_group.test"
                    ],
                    "primary": {
                        "id": "/subscriptions/fc376caa-a6f7-4167-b7ee-fc479927af60/resourceGroups/ResourceGroup1/providers/Microsoft.Network/networkSecurityGroups/SecurityGroup01",
                        "attributes": {
                            "id": "/subscriptions/fc376caa-a6f7-4167-b7ee-fc479927af60/resourceGroups/ResourceGroup1/providers/Microsoft.Network/networkSecurityGroups/SecurityGroup01",
                            "location": "westus",
                            "name": "SecurityGroup01",
                            "resource_group_name": "ResourceGroup1",
                            "security_rule.#": "1",
                            "security_rule.2216253795.access": "Allow",
                            "security_rule.2216253795.description": "",
                            "security_rule.2216253795.destination_address_prefix": "*",
                            "security_rule.2216253795.destination_address_prefixes.#": "0",
                            "security_rule.2216253795.destination_application_security_group_ids.#": "0",
                            "security_rule.2216253795.destination_port_range": "22",
                            "security_rule.2216253795.destination_port_ranges.#": "0",
                            "security_rule.2216253795.direction": "Inbound",
                            "security_rule.2216253795.name": "Port_22",
                            "security_rule.2216253795.priority": "1000",
                            "security_rule.2216253795.protocol": "TCP",
                            "security_rule.2216253795.source_address_prefix": "*",
                            "security_rule.2216253795.source_address_prefixes.#": "0",
                            "security_rule.2216253795.source_application_security_group_ids.#": "0",
                            "security_rule.2216253795.source_port_range": "*",
                            "security_rule.2216253795.source_port_ranges.#": "0",
                            "tags.%": "0"
                        },
                        "meta": {},
                        "tainted": false
                    },
                    "deposed": [],
                    "provider": "provider.azurerm"
                },
                "azurerm_resource_group.test": {
                    "type": "azurerm_resource_group",
                    "depends_on": [],
                    "primary": {
                        "id": "/subscriptions/fc376caa-a6f7-4167-b7ee-fc479927af60/resourceGroups/ResourceGroup1",
                        "attributes": {
                            "id": "/subscriptions/fc376caa-a6f7-4167-b7ee-fc479927af60/resourceGroups/ResourceGroup1",
                            "location": "westus",
                            "name": "ResourceGroup1",
                            "tags.%": "0"
                        },
                        "meta": {},
                        "tainted": false
                    },
                    "deposed": [],
                    "provider": "provider.azurerm"
                },
                "azurerm_subnet.test1": {
                    "type": "azurerm_subnet",
                    "depends_on": [
                        "azurerm_resource_group.test",
                        "azurerm_virtual_network.test"
                    ],
                    "primary": {
                        "id": "/subscriptions/fc376caa-a6f7-4167-b7ee-fc479927af60/resourceGroups/ResourceGroup1/providers/Microsoft.Network/virtualNetworks/virtualNetwork01/subnets/subnet1",
                        "attributes": {
                            "address_prefix": "10.0.1.0/24",
                            "id": "/subscriptions/fc376caa-a6f7-4167-b7ee-fc479927af60/resourceGroups/ResourceGroup1/providers/Microsoft.Network/virtualNetworks/virtualNetwork01/subnets/subnet1",
                            "ip_configurations.#": "2",
                            "ip_configurations.1937132282": "/subscriptions/fc376caa-a6f7-4167-b7ee-fc479927af60/resourceGroups/ResourceGroup1/providers/Microsoft.Network/networkInterfaces/Mediaset-nic/ipConfigurations/testconfiguration1",
                            "ip_configurations.3489013949": "/subscriptions/fc376caa-a6f7-4167-b7ee-fc479927af60/resourceGroups/ResourceGroup1/providers/Microsoft.Network/networkInterfaces/Mediaset-nic2/ipConfigurations/testconfiguration1",
                            "name": "subnet1",
                            "resource_group_name": "ResourceGroup1",
                            "service_endpoints.#": "0",
                            "virtual_network_name": "virtualNetwork01"
                        },
                        "meta": {},
                        "tainted": false
                    },
                    "deposed": [],
                    "provider": "provider.azurerm"
                },
                "azurerm_subnet.test2": {
                    "type": "azurerm_subnet",
                    "depends_on": [
                        "azurerm_resource_group.test",
                        "azurerm_virtual_network.test"
                    ],
                    "primary": {
                        "id": "/subscriptions/fc376caa-a6f7-4167-b7ee-fc479927af60/resourceGroups/ResourceGroup1/providers/Microsoft.Network/virtualNetworks/virtualNetwork01/subnets/subnet2",
                        "attributes": {
                            "address_prefix": "10.0.2.0/24",
                            "id": "/subscriptions/fc376caa-a6f7-4167-b7ee-fc479927af60/resourceGroups/ResourceGroup1/providers/Microsoft.Network/virtualNetworks/virtualNetwork01/subnets/subnet2",
                            "ip_configurations.#": "0",
                            "name": "subnet2",
                            "resource_group_name": "ResourceGroup1",
                            "service_endpoints.#": "0",
                            "virtual_network_name": "virtualNetwork01"
                        },
                        "meta": {},
                        "tainted": false
                    },
                    "deposed": [],
                    "provider": "provider.azurerm"
                },
                "azurerm_virtual_machine.1": {
                    "type": "azurerm_virtual_machine",
                    "depends_on": [
                        "azurerm_network_interface.nic1",
                        "azurerm_resource_group.test"
                    ],
                    "primary": {
                        "id": "/subscriptions/fc376caa-a6f7-4167-b7ee-fc479927af60/resourceGroups/ResourceGroup1/providers/Microsoft.Compute/virtualMachines/Mediaset-vm",
                        "attributes": {
                            "delete_data_disks_on_termination": "false",
                            "delete_os_disk_on_termination": "false",
                            "id": "/subscriptions/fc376caa-a6f7-4167-b7ee-fc479927af60/resourceGroups/ResourceGroup1/providers/Microsoft.Compute/virtualMachines/Mediaset-vm",
                            "identity.#": "0",
                            "location": "westus",
                            "name": "Mediaset-vm",
                            "network_interface_ids.#": "1",
                            "network_interface_ids.0": "/subscriptions/fc376caa-a6f7-4167-b7ee-fc479927af60/resourceGroups/ResourceGroup1/providers/Microsoft.Network/networkInterfaces/Mediaset-nic1",
                            "os_profile.#": "1",
                            "os_profile.1173764063.admin_password": "",
                            "os_profile.1173764063.admin_username": "testadmin",
                            "os_profile.1173764063.computer_name": "hostname",
                            "os_profile.1173764063.custom_data": "",
                            "os_profile_linux_config.#": "1",
                            "os_profile_linux_config.2972667452.disable_password_authentication": "false",
                            "os_profile_linux_config.2972667452.ssh_keys.#": "0",
                            "os_profile_secrets.#": "0",
                            "resource_group_name": "ResourceGroup1",
                            "storage_data_disk.#": "0",
                            "storage_image_reference.#": "1",
                            "storage_image_reference.1458860473.id": "",
                            "storage_image_reference.1458860473.offer": "UbuntuServer",
                            "storage_image_reference.1458860473.publisher": "Canonical",
                            "storage_image_reference.1458860473.sku": "16.04-LTS",
                            "storage_image_reference.1458860473.version": "latest",
                            "storage_os_disk.#": "1",
                            "storage_os_disk.0.caching": "ReadWrite",
                            "storage_os_disk.0.create_option": "FromImage",
                            "storage_os_disk.0.disk_size_gb": "30",
                            "storage_os_disk.0.image_uri": "",
                            "storage_os_disk.0.managed_disk_id": "/subscriptions/fc376caa-a6f7-4167-b7ee-fc479927af60/resourceGroups/ResourceGroup1/providers/Microsoft.Compute/disks/myosdisk1",
                            "storage_os_disk.0.managed_disk_type": "Standard_LRS",
                            "storage_os_disk.0.name": "myosdisk1",
                            "storage_os_disk.0.os_type": "Linux",
                            "storage_os_disk.0.vhd_uri": "",
                            "storage_os_disk.0.write_accelerator_enabled": "false",
                            "tags.%": "1",
                            "tags.environment": "staging",
                            "vm_size": "Standard_DS1_v2",
                            "zones.#": "0"
                        },
                        "meta": {},
                        "tainted": false
                    },
                    "deposed": [],
                    "provider": "provider.azurerm"
                },
                "azurerm_virtual_network.test": {
                    "type": "azurerm_virtual_network",
                    "depends_on": [
                        "azurerm_resource_group.test"
                    ],
                    "primary": {
                        "id": "/subscriptions/fc376caa-a6f7-4167-b7ee-fc479927af60/resourceGroups/ResourceGroup1/providers/Microsoft.Network/virtualNetworks/virtualNetwork01",
                        "attributes": {
                            "address_space.#": "1",
                            "address_space.0": "10.0.0.0/16",
                            "dns_servers.#": "2",
                            "dns_servers.0": "10.0.0.4",
                            "dns_servers.1": "10.0.0.5",
                            "id": "/subscriptions/fc376caa-a6f7-4167-b7ee-fc479927af60/resourceGroups/ResourceGroup1/providers/Microsoft.Network/virtualNetworks/virtualNetwork01",
                            "location": "westus",
                            "name": "virtualNetwork01",
                            "resource_group_name": "ResourceGroup1",
                            "subnet.#": "2",
                            "subnet.1472110187.address_prefix": "10.0.1.0/24",
                            "subnet.1472110187.name": "subnet1",
                            "subnet.1472110187.security_group": "",
                            "subnet.2796830261.address_prefix": "10.0.2.0/24",
                            "subnet.2796830261.name": "subnet2",
                            "subnet.2796830261.security_group": "",
                            "tags.%": "0"
                        },
                        "meta": {},
                        "tainted": false
                    },
                    "deposed": [],
                    "provider": "provider.azurerm"
                }
            },
            "depends_on": []
        }
    ]
}
